lockfileVersion: 5.4

specifiers:
  '@swc/cli': ^0.1.57
  '@swc/core': ^1.3.21

devDependencies:
  '@swc/cli': link:node_modules/@swc/cli
  '@swc/core': registry.npmmirror.com/@swc/core/1.3.21

packages:

  registry.npmmirror.com/@swc/core-darwin-arm64/1.3.21:
    resolution: {integrity: sha512-5dBrJyrCzdHOQ9evS9NBJm2geKcXffIuAvSrnwbMHkfTpl+pOM7crry2tolydFXdOE/Jbx8yyahAIXPne1fTHw==, registry: https://registry.npm.taobao.org/, tarball: https://registry.npmmirror.com/@swc/core-darwin-arm64/-/core-darwin-arm64-1.3.21.tgz}
    name: '@swc/core-darwin-arm64'
    version: 1.3.21
    engines: {node: '>=10'}
    cpu: [arm64]
    os: [darwin]
    requiresBuild: true
    dev: true
    optional: true

  registry.npmmirror.com/@swc/core-darwin-x64/1.3.21:
    resolution: {integrity: sha512-CAtzfsRoVZr7DLKOOWPua6npFdj06wRuv1us275CY2QS3mg1bPl9BxA3c94q3mMcu5Bf06+dzUOjJSGrsBD7Ig==, registry: https://registry.npm.taobao.org/, tarball: https://registry.npmmirror.com/@swc/core-darwin-x64/-/core-darwin-x64-1.3.21.tgz}
    name: '@swc/core-darwin-x64'
    version: 1.3.21
    engines: {node: '>=10'}
    cpu: [x64]
    os: [darwin]
    requiresBuild: true
    dev: true
    optional: true

  registry.npmmirror.com/@swc/core-linux-arm-gnueabihf/1.3.21:
    resolution: {integrity: sha512-oPO7oFr89pjDFlHJ2aZvzGR6hwy5nmQyeiuqpTgfn+RFFLLbipFawJe/2NBWyD35bxuguW6a3/w9I6edKTpLUw==, registry: https://registry.npm.taobao.org/, tarball: https://registry.npmmirror.com/@swc/core-linux-arm-gnueabihf/-/core-linux-arm-gnueabihf-1.3.21.tgz}
    name: '@swc/core-linux-arm-gnueabihf'
    version: 1.3.21
    engines: {node: '>=10'}
    cpu: [arm]
    os: [linux]
    requiresBuild: true
    dev: true
    optional: true

  registry.npmmirror.com/@swc/core-linux-arm64-gnu/1.3.21:
    resolution: {integrity: sha512-cgPw35T8HO4gB/tvPJMwjJuNNpydmw6U5hkxZ+7jiE+qA8hN8a71i+BBfXeSzlo60t4c44+zK4t+gK7UacZg2w==, registry: https://registry.npm.taobao.org/, tarball: https://registry.npmmirror.com/@swc/core-linux-arm64-gnu/-/core-linux-arm64-gnu-1.3.21.tgz}
    name: '@swc/core-linux-arm64-gnu'
    version: 1.3.21
    engines: {node: '>=10'}
    cpu: [arm64]
    os: [linux]
    libc: [glibc]
    requiresBuild: true
    dev: true
    optional: true

  registry.npmmirror.com/@swc/core-linux-arm64-musl/1.3.21:
    resolution: {integrity: sha512-kwH+HHtcakSqR3gF5QJ7N7SPs96ilFiXuauB02Ct3UflaGbVYVoeFYj/VEIJ+ZJvlvvOEDByOiLyrk2bw0bG7A==, registry: https://registry.npm.taobao.org/, tarball: https://registry.npmmirror.com/@swc/core-linux-arm64-musl/-/core-linux-arm64-musl-1.3.21.tgz}
    name: '@swc/core-linux-arm64-musl'
    version: 1.3.21
    engines: {node: '>=10'}
    cpu: [arm64]
    os: [linux]
    libc: [musl]
    requiresBuild: true
    dev: true
    optional: true

  registry.npmmirror.com/@swc/core-linux-x64-gnu/1.3.21:
    resolution: {integrity: sha512-/kLQLNxwdX6kO2R751uUrxXZsAhOkA1EeQzAqj+5Y+bzt3hA5asH5evkY0w0Aj1zCofX4p4o/Q35mandUPxMlw==, registry: https://registry.npm.taobao.org/, tarball: https://registry.npmmirror.com/@swc/core-linux-x64-gnu/-/core-linux-x64-gnu-1.3.21.tgz}
    name: '@swc/core-linux-x64-gnu'
    version: 1.3.21
    engines: {node: '>=10'}
    cpu: [x64]
    os: [linux]
    libc: [glibc]
    requiresBuild: true
    dev: true
    optional: true

  registry.npmmirror.com/@swc/core-linux-x64-musl/1.3.21:
    resolution: {integrity: sha512-s+l3LqUzDli6rbmIPR3IfO23IOLYBVxk97CDdcJWrRTVtCwUKFhFVJVZyErveriqLXSGJhy5+UL+aOuxC4dk8g==, registry: https://registry.npm.taobao.org/, tarball: https://registry.npmmirror.com/@swc/core-linux-x64-musl/-/core-linux-x64-musl-1.3.21.tgz}
    name: '@swc/core-linux-x64-musl'
    version: 1.3.21
    engines: {node: '>=10'}
    cpu: [x64]
    os: [linux]
    libc: [musl]
    requiresBuild: true
    dev: true
    optional: true

  registry.npmmirror.com/@swc/core-win32-arm64-msvc/1.3.21:
    resolution: {integrity: sha512-59gWcdbZxvmyzh+J50yCCodKDYRUnMwNypzzfamF1Vusa4Np+IGMWEaE2KsZUq50OQIRo0PGHpBPMKVYkuGv8g==, registry: https://registry.npm.taobao.org/, tarball: https://registry.npmmirror.com/@swc/core-win32-arm64-msvc/-/core-win32-arm64-msvc-1.3.21.tgz}
    name: '@swc/core-win32-arm64-msvc'
    version: 1.3.21
    engines: {node: '>=10'}
    cpu: [arm64]
    os: [win32]
    requiresBuild: true
    dev: true
    optional: true

  registry.npmmirror.com/@swc/core-win32-ia32-msvc/1.3.21:
    resolution: {integrity: sha512-3gH86ffVAiCmeRy+xSxR5iWSbKy4nUddo4PIahD1zwGJx6LC5ahC/I6EpL1pvoX3KdJKVioUBn0KDfPDUYfqJw==, registry: https://registry.npm.taobao.org/, tarball: https://registry.npmmirror.com/@swc/core-win32-ia32-msvc/-/core-win32-ia32-msvc-1.3.21.tgz}
    name: '@swc/core-win32-ia32-msvc'
    version: 1.3.21
    engines: {node: '>=10'}
    cpu: [ia32]
    os: [win32]
    requiresBuild: true
    dev: true
    optional: true

  registry.npmmirror.com/@swc/core-win32-x64-msvc/1.3.21:
    resolution: {integrity: sha512-JKWLJdJ3oFc8fGBk4P6mGKhW8n+FmEjLLbsST+h94bZmelrSTeShBt3rr+pMMatFevlu/c9lM3OW2GHsZeZNkg==, registry: https://registry.npm.taobao.org/, tarball: https://registry.npmmirror.com/@swc/core-win32-x64-msvc/-/core-win32-x64-msvc-1.3.21.tgz}
    name: '@swc/core-win32-x64-msvc'
    version: 1.3.21
    engines: {node: '>=10'}
    cpu: [x64]
    os: [win32]
    requiresBuild: true
    dev: true
    optional: true

  registry.npmmirror.com/@swc/core/1.3.21:
    resolution: {integrity: sha512-RTmqkm5e5sb+Q+YbyqiE52xjvX+kcIVDgaSdSD7mNy2opgDfIdFMhExmB8UQStt3TLrlpAslWaFNWNmvaHP9rg==, registry: https://registry.npm.taobao.org/, tarball: https://registry.npmmirror.com/@swc/core/-/core-1.3.21.tgz}
    name: '@swc/core'
    version: 1.3.21
    engines: {node: '>=10'}
    hasBin: true
    requiresBuild: true
    optionalDependencies:
      '@swc/core-darwin-arm64': registry.npmmirror.com/@swc/core-darwin-arm64/1.3.21
      '@swc/core-darwin-x64': registry.npmmirror.com/@swc/core-darwin-x64/1.3.21
      '@swc/core-linux-arm-gnueabihf': registry.npmmirror.com/@swc/core-linux-arm-gnueabihf/1.3.21
      '@swc/core-linux-arm64-gnu': registry.npmmirror.com/@swc/core-linux-arm64-gnu/1.3.21
      '@swc/core-linux-arm64-musl': registry.npmmirror.com/@swc/core-linux-arm64-musl/1.3.21
      '@swc/core-linux-x64-gnu': registry.npmmirror.com/@swc/core-linux-x64-gnu/1.3.21
      '@swc/core-linux-x64-musl': registry.npmmirror.com/@swc/core-linux-x64-musl/1.3.21
      '@swc/core-win32-arm64-msvc': registry.npmmirror.com/@swc/core-win32-arm64-msvc/1.3.21
      '@swc/core-win32-ia32-msvc': registry.npmmirror.com/@swc/core-win32-ia32-msvc/1.3.21
      '@swc/core-win32-x64-msvc': registry.npmmirror.com/@swc/core-win32-x64-msvc/1.3.21
    dev: true
